// !$*UTF8*$!
{
	archiveVersion = 1;
	classes = {
	};
	objectVersion = 46;
	objects = {

/* Begin PBXBuildFile section */
		18A329CD1AB6E698006E4789 /* AppDelegate.swift in Sources */ = {isa = PBXBuildFile; fileRef = 18A329CC1AB6E698006E4789 /* AppDelegate.swift */; };
		18A329CF1AB6E698006E4789 /* ViewController.swift in Sources */ = {isa = PBXBuildFile; fileRef = 18A329CE1AB6E698006E4789 /* ViewController.swift */; };
		18A329D21AB6E698006E4789 /* Main.storyboard in Resources */ = {isa = PBXBuildFile; fileRef = 18A329D01AB6E698006E4789 /* Main.storyboard */; };
		18A329D41AB6E698006E4789 /* Images.xcassets in Resources */ = {isa = PBXBuildFile; fileRef = 18A329D31AB6E698006E4789 /* Images.xcassets */; };
		18A329D71AB6E698006E4789 /* LaunchScreen.xib in Resources */ = {isa = PBXBuildFile; fileRef = 18A329D51AB6E698006E4789 /* LaunchScreen.xib */; };
		18A329E31AB6E698006E4789 /* DBFMTests.swift in Sources */ = {isa = PBXBuildFile; fileRef = 18A329E21AB6E698006E4789 /* DBFMTests.swift */; };
		18A329EF1AB6E828006E4789 /* fa4b73831c605cff0da15f007d50a795.jpg in Resources */ = {isa = PBXBuildFile; fileRef = 18A329ED1AB6E828006E4789 /* fa4b73831c605cff0da15f007d50a795.jpg */; };
		18A329F01AB6E828006E4789 /* sofA2lizhzVGg.jpg in Resources */ = {isa = PBXBuildFile; fileRef = 18A329EE1AB6E828006E4789 /* sofA2lizhzVGg.jpg */; };
		18A329F21AB6EB0C006E4789 /* ChannelController.swift in Sources */ = {isa = PBXBuildFile; fileRef = 18A329F11AB6EB0C006E4789 /* ChannelController.swift */; };
		18A329F41AB6F0E1006E4789 /* HttpController.swift in Sources */ = {isa = PBXBuildFile; fileRef = 18A329F31AB6F0E1006E4789 /* HttpController.swift */; };
		18A329F61AB718F3006E4789 /* 6.png in Resources */ = {isa = PBXBuildFile; fileRef = 18A329F51AB718F3006E4789 /* 6.png */; };
/* End PBXBuildFile section */

/* Begin PBXContainerItemProxy section */
		18A329DD1AB6E698006E4789 /* PBXContainerItemProxy */ = {
			isa = PBXContainerItemProxy;
			containerPortal = 18A329BF1AB6E698006E4789 /* Project object */;
			proxyType = 1;
			remoteGlobalIDString = 18A329C61AB6E698006E4789;
			remoteInfo = DBFM;
		};
/* End PBXContainerItemProxy section */

/* Begin PBXFileReference section */
		18A329C71AB6E698006E4789 /* DBFM.app */ = {isa = PBXFileReference; explicitFileType = wrapper.application; includeInIndex = 0; path = DBFM.app; sourceTree = BUILT_PRODUCTS_DIR; };
		18A329CB1AB6E698006E4789 /* Info.plist */ = {isa = PBXFileReference; lastKnownFileType = text.plist.xml; path = Info.plist; sourceTree = "<group>"; };
		18A329CC1AB6E698006E4789 /* AppDelegate.swift */ = {isa = PBXFileReference; lastKnownFileType = sourcecode.swift; path = AppDelegate.swift; sourceTree = "<group>"; };
		18A329CE1AB6E698006E4789 /* ViewController.swift */ = {isa = PBXFileReference; lastKnownFileType = sourcecode.swift; path = ViewController.swift; sourceTree = "<group>"; };
		18A329D11AB6E698006E4789 /* Base */ = {isa = PBXFileReference; lastKnownFileType = file.storyboard; name = Base; path = Base.lproj/Main.storyboard; sourceTree = "<group>"; };
		18A329D31AB6E698006E4789 /* Images.xcassets */ = {isa = PBXFileReference; lastKnownFileType = folder.assetcatalog; path = Images.xcassets; sourceTree = "<group>"; };
		18A329D61AB6E698006E4789 /* Base */ = {isa = PBXFileReference; lastKnownFileType = file.xib; name = Base; path = Base.lproj/LaunchScreen.xib; sourceTree = "<group>"; };
		18A329DC1AB6E698006E4789 /* DBFMTests.xctest */ = {isa = PBXFileReference; explicitFileType = wrapper.cfbundle; includeInIndex = 0; path = DBFMTests.xctest; sourceTree = BUILT_PRODUCTS_DIR; };
		18A329E11AB6E698006E4789 /* Info.plist */ = {isa = PBXFileReference; lastKnownFileType = text.plist.xml; path = Info.plist; sourceTree = "<group>"; };
		18A329E21AB6E698006E4789 /* DBFMTests.swift */ = {isa = PBXFileReference; lastKnownFileType = sourcecode.swift; path = DBFMTests.swift; sourceTree = "<group>"; };
		18A329ED1AB6E828006E4789 /* fa4b73831c605cff0da15f007d50a795.jpg */ = {isa = PBXFileReference; lastKnownFileType = image.jpeg; path = fa4b73831c605cff0da15f007d50a795.jpg; sourceTree = "<group>"; };
		18A329EE1AB6E828006E4789 /* sofA2lizhzVGg.jpg */ = {isa = PBXFileReference; lastKnownFileType = image.jpeg; path = sofA2lizhzVGg.jpg; sourceTree = "<group>"; };
		18A329F11AB6EB0C006E4789 /* ChannelController.swift */ = {isa = PBXFileReference; fileEncoding = 4; lastKnownFileType = sourcecode.swift; path = ChannelController.swift; sourceTree = "<group>"; };
		18A329F31AB6F0E1006E4789 /* HttpController.swift */ = {isa = PBXFileReference; fileEncoding = 4; lastKnownFileType = sourcecode.swift; path = HttpController.swift; sourceTree = "<group>"; };
		18A329F51AB718F3006E4789 /* 6.png */ = {isa = PBXFileReference; lastKnownFileType = image.png; name = 6.png; path = "../Java/未命名文件夹/6.png"; sourceTree = "<group>"; };
/* End PBXFileReference section */

/* Begin PBXFrameworksBuildPhase section */
		18A329C41AB6E698006E4789 /* Frameworks */ = {
			isa = PBXFrameworksBuildPhase;
			buildActionMask = 2147483647;
			files = (
			);
			runOnlyForDeploymentPostprocessing = 0;
		};
		18A329D91AB6E698006E4789 /* Frameworks */ = {
			isa = PBXFrameworksBuildPhase;
			buildActionMask = 2147483647;
			files = (
			);
			runOnlyForDeploymentPostprocessing = 0;
		};
/* End PBXFrameworksBuildPhase section */

/* Begin PBXGroup section */
		18A329BE1AB6E698006E4789 = {
			isa = PBXGroup;
			children = (
				18A329C91AB6E698006E4789 /* DBFM */,
				18A329DF1AB6E698006E4789 /* DBFMTests */,
				18A329C81AB6E698006E4789 /* Products */,
			);
			sourceTree = "<group>";
		};
		18A329C81AB6E698006E4789 /* Products */ = {
			isa = PBXGroup;
			children = (
				18A329C71AB6E698006E4789 /* DBFM.app */,
				18A329DC1AB6E698006E4789 /* DBFMTests.xctest */,
			);
			name = Products;
			sourceTree = "<group>";
		};
		18A329C91AB6E698006E4789 /* DBFM */ = {
			isa = PBXGroup;
			children = (
				18A329CC1AB6E698006E4789 /* AppDelegate.swift */,
				18A329EC1AB6E828006E4789 /* image */,
				18A329CE1AB6E698006E4789 /* ViewController.swift */,
				18A329F31AB6F0E1006E4789 /* HttpController.swift */,
				18A329D01AB6E698006E4789 /* Main.storyboard */,
				18A329D31AB6E698006E4789 /* Images.xcassets */,
				18A329F11AB6EB0C006E4789 /* ChannelController.swift */,
				18A329D51AB6E698006E4789 /* LaunchScreen.xib */,
				18A329CA1AB6E698006E4789 /* Supporting Files */,
			);
			path = DBFM;
			sourceTree = "<group>";
		};
		18A329CA1AB6E698006E4789 /* Supporting Files */ = {
			isa = PBXGroup;
			children = (
				18A329CB1AB6E698006E4789 /* Info.plist */,
			);
			name = "Supporting Files";
			sourceTree = "<group>";
		};
		18A329DF1AB6E698006E4789 /* DBFMTests */ = {
			isa = PBXGroup;
			children = (
				18A329E21AB6E698006E4789 /* DBFMTests.swift */,
				18A329E01AB6E698006E4789 /* Supporting Files */,
			);
			path = DBFMTests;
			sourceTree = "<group>";
		};
		18A329E01AB6E698006E4789 /* Supporting Files */ = {
			isa = PBXGroup;
			children = (
				18A329E11AB6E698006E4789 /* Info.plist */,
			);
			name = "Supporting Files";
			sourceTree = "<group>";
		};
		18A329EC1AB6E828006E4789 /* image */ = {
			isa = PBXGroup;
			children = (
				18A329F51AB718F3006E4789 /* 6.png */,
				18A329ED1AB6E828006E4789 /* fa4b73831c605cff0da15f007d50a795.jpg */,
				18A329EE1AB6E828006E4789 /* sofA2lizhzVGg.jpg */,
			);
			name = image;
			path = ../../../../Desktop/image;
			sourceTree = "<group>";
		};
/* End PBXGroup section */

/* Begin PBXNativeTarget section */
		18A329C61AB6E698006E4789 /* DBFM */ = {
			isa = PBXNativeTarget;
			buildConfigurationList = 18A329E61AB6E698006E4789 /* Build configuration list for PBXNativeTarget "DBFM" */;
			buildPhases = (
				18A329C31AB6E698006E4789 /* Sources */,
				18A329C41AB6E698006E4789 /* Frameworks */,
				18A329C51AB6E698006E4789 /* Resources */,
			);
			buildRules = (
			);
			dependencies = (
			);
			name = DBFM;
			productName = DBFM;
			productReference = 18A329C71AB6E698006E4789 /* DBFM.app */;
			productType = "com.apple.product-type.application";
		};
		18A329DB1AB6E698006E4789 /* DBFMTests */ = {
			isa = PBXNativeTarget;
			buildConfigurationList = 18A329E91AB6E698006E4789 /* Build configuration list for PBXNativeTarget "DBFMTests" */;
			buildPhases = (
				18A329D81AB6E698006E4789 /* Sources */,
				18A329D91AB6E698006E4789 /* Frameworks */,
				18A329DA1AB6E698006E4789 /* Resources */,
			);
			buildRules = (
			);
			dependencies = (
				18A329DE1AB6E698006E4789 /* PBXTargetDependency */,
			);
			name = DBFMTests;
			productName = DBFMTests;
			productReference = 18A329DC1AB6E698006E4789 /* DBFMTests.xctest */;
			productType = "com.apple.product-type.bundle.unit-test";
		};
/* End PBXNativeTarget section */

/* Begin PBXProject section */
		18A329BF1AB6E698006E4789 /* Project object */ = {
			isa = PBXProject;
			attributes = {
				LastUpgradeCheck = 0610;
				ORGANIZATIONNAME = Becarefullee;
				TargetAttributes = {
					18A329C61AB6E698006E4789 = {
						CreatedOnToolsVersion = 6.1.1;
					};
					18A329DB1AB6E698006E4789 = {
						CreatedOnToolsVersion = 6.1.1;
						TestTargetID = 18A329C61AB6E698006E4789;
					};
				};
			};
			buildConfigurationList = 18A329C21AB6E698006E4789 /* Build configuration list for PBXProject "DBFM" */;
			compatibilityVersion = "Xcode 3.2";
			developmentRegion = English;
			hasScannedForEncodings = 0;
			knownRegions = (
				en,
				Base,
			);
			mainGroup = 18A329BE1AB6E698006E4789;
			productRefGroup = 18A329C81AB6E698006E4789 /* Products */;
			projectDirPath = "";
			projectRoot = "";
			targets = (
				18A329C61AB6E698006E4789 /* DBFM */,
				18A329DB1AB6E698006E4789 /* DBFMTests */,
			);
		};
/* End PBXProject section */

/* Begin PBXResourcesBuildPhase section */
		18A329C51AB6E698006E4789 /* Resources */ = {
			isa = PBXResourcesBuildPhase;
			buildActionMask = 2147483647;
			files = (
				18A329F61AB718F3006E4789 /* 6.png in Resources */,
				18A329D21AB6E698006E4789 /* Main.storyboard in Resources */,
				18A329D71AB6E698006E4789 /* LaunchScreen.xib in Resources */,
				18A329EF1AB6E828006E4789 /* fa4b73831c605cff0da15f007d50a795.jpg in Resources */,
				18A329D41AB6E698006E4789 /* Images.xcassets in Resources */,
				18A329F01AB6E828006E4789 /* sofA2lizhzVGg.jpg in Resources */,
			);
			runOnlyForDeploymentPostprocessing = 0;
		};
		18A329DA1AB6E698006E4789 /* Resources */ = {
			isa = PBXResourcesBuildPhase;
			buildActionMask = 2147483647;
			files = (
			);
			runOnlyForDeploymentPostprocessing = 0;
		};
/* End PBXResourcesBuildPhase section */

/* Begin PBXSourcesBuildPhase section */
		18A329C31AB6E698006E4789 /* Sources */ = {
			isa = PBXSourcesBuildPhase;
			buildActionMask = 2147483647;
			files = (
				18A329CF1AB6E698006E4789 /* ViewController.swift in Sources */,
				18A329CD1AB6E698006E4789 /* AppDelegate.swift in Sources */,
				18A329F21AB6EB0C006E4789 /* ChannelController.swift in Sources */,
				18A329F41AB6F0E1006E4789 /* HttpController.swift in Sources */,
			);
			runOnlyForDeploymentPostprocessing = 0;
		};
		18A329D81AB6E698006E4789 /* Sources */ = {
			isa = PBXSourcesBuildPhase;
			buildActionMask = 2147483647;
			files = (
				18A329E31AB6E698006E4789 /* DBFMTests.swift in Sources */,
			);
			runOnlyForDeploymentPostprocessing = 0;
		};
/* End PBXSourcesBuildPhase section */

/* Begin PBXTargetDependency section */
		18A329DE1AB6E698006E4789 /* PBXTargetDependency */ = {
			isa = PBXTargetDependency;
			target = 18A329C61AB6E698006E4789 /* DBFM */;
			targetProxy = 18A329DD1AB6E698006E4789 /* PBXContainerItemProxy */;
		};
/* End PBXTargetDependency section */

/* Begin PBXVariantGroup section */
		18A329D01AB6E698006E4789 /* Main.storyboard */ = {
			isa = PBXVariantGroup;
			children = (
				18A329D11AB6E698006E4789 /* Base */,
			);
			name = Main.storyboard;
			sourceTree = "<group>";
		};
		18A329D51AB6E698006E4789 /* LaunchScreen.xib */ = {
			isa = PBXVariantGroup;
			children = (
				18A329D61AB6E698006E4789 /* Base */,
			);
			name = LaunchScreen.xib;
			sourceTree = "<group>";
		};
/* End PBXVariantGroup section */

/* Begin XCBuildConfiguration section */
		18A329E41AB6E698006E4789 /* Debug */ = {
			isa = XCBuildConfiguration;
			buildSettings = {
				ALWAYS_SEARCH_USER_PATHS = NO;
				CLANG_CXX_LANGUAGE_STANDARD = "gnu++0x";
				CLANG_CXX_LIBRARY = "libc++";
				CLANG_ENABLE_MODULES = YES;
				CLANG_ENABLE_OBJC_ARC = YES;
				CLANG_WARN_BOOL_CONVERSION = YES;
				CLANG_WARN_CONSTANT_CONVERSION = YES;
				CLANG_WARN_DIRECT_OBJC_ISA_USAGE = YES_ERROR;
				CLANG_WARN_EMPTY_BODY = YES;
				CLANG_WARN_ENUM_CONVERSION = YES;
				CLANG_WARN_INT_CONVERSION = YES;
				CLANG_WARN_OBJC_ROOT_CLASS = YES_ERROR;
				CLANG_WARN_UNREACHABLE_CODE = YES;
				CLANG_WARN__DUPLICATE_METHOD_MATCH = YES;
				"CODE_SIGN_IDENTITY[sdk=iphoneos*]" = "iPhone Developer";
				COPY_PHASE_STRIP = NO;
				ENABLE_STRICT_OBJC_MSGSEND = YES;
				GCC_C_LANGUAGE_STANDARD = gnu99;
				GCC_DYNAMIC_NO_PIC = NO;
				GCC_OPTIMIZATION_LEVEL = 0;
				GCC_PREPROCESSOR_DEFINITIONS = (
					"DEBUG=1",
					"$(inherited)",
				);
				GCC_SYMBOLS_PRIVATE_EXTERN = NO;
				GCC_WARN_64_TO_32_BIT_CONVERSION = YES;
				GCC_WARN_ABOUT_RETURN_TYPE = YES_ERROR;
				GCC_WARN_UNDECLARED_SELECTOR = YES;
				GCC_WARN_UNINITIALIZED_AUTOS = YES_AGGRESSIVE;
				GCC_WARN_UNUSED_FUNCTION = YES;
				GCC_WARN_UNUSED_VARIABLE = YES;
				IPHONEOS_DEPLOYMENT_TARGET = 8.1;
				MTL_ENABLE_DEBUG_INFO = YES;
				ONLY_ACTIVE_ARCH = YES;
				SDKROOT = iphoneos;
				SWIFT_OPTIMIZATION_LEVEL = "-Onone";
			};
			name = Debug;
		};
		18A329E51AB6E698006E4789 /* Release */ = {
			isa = XCBuildConfiguration;
			buildSettings = {
				ALWAYS_SEARCH_USER_PATHS = NO;
				CLANG_CXX_LANGUAGE_STANDARD = "gnu++0x";
				CLANG_CXX_LIBRARY = "libc++";
				CLANG_ENABLE_MODULES = YES;
				CLANG_ENABLE_OBJC_ARC = YES;
				CLANG_WARN_BOOL_CONVERSION = YES;
				CLANG_WARN_CONSTANT_CONVERSION = YES;
				CLANG_WARN_DIRECT_OBJC_ISA_USAGE = YES_ERROR;
				CLANG_WARN_EMPTY_BODY = YES;
				CLANG_WARN_ENUM_CONVERSION = YES;
				CLANG_WARN_INT_CONVERSION = YES;
				CLANG_WARN_OBJC_ROOT_CLASS = YES_ERROR;
				CLANG_WARN_UNREACHABLE_CODE = YES;
				CLANG_WARN__DUPLICATE_METHOD_MATCH = YES;
				"CODE_SIGN_IDENTITY[sdk=iphoneos*]" = "iPhone Developer";
				COPY_PHASE_STRIP = YES;
				ENABLE_NS_ASSERTIONS = NO;
				ENABLE_STRICT_OBJC_MSGSEND = YES;
				GCC_C_LANGUAGE_STANDARD = gnu99;
				GCC_WARN_64_TO_32_BIT_CONVERSION = YES;
				GCC_WARN_ABOUT_RETURN_TYPE = YES_ERROR;
				GCC_WARN_UNDECLARED_SELECTOR = YES;
				GCC_WARN_UNINITIALIZED_AUTOS = YES_AGGRESSIVE;
				GCC_WARN_UNUSED_FUNCTION = YES;
				GCC_WARN_UNUSED_VARIABLE = YES;
				IPHONEOS_DEPLOYMENT_TARGET = 8.1;
				MTL_ENABLE_DEBUG_INFO = NO;
				SDKROOT = iphoneos;
				VALIDATE_PRODUCT = YES;
			};
			name = Release;
		};
		18A329E71AB6E698006E4789 /* Debug */ = {
			isa = XCBuildConfiguration;
			buildSettings = {
				ASSETCATALOG_COMPILER_APPICON_NAME = AppIcon;
				INFOPLIST_FILE = DBFM/Info.plist;
				LD_RUNPATH_SEARCH_PATHS = "$(inherited) @executable_path/Frameworks";
				PRODUCT_NAME = "$(TARGET_NAME)";
			};
			name = Debug;
		};
		18A329E81AB6E698006E4789 /* Release */ = {
			isa = XCBuildConfiguration;
			buildSettings = {
				ASSETCATALOG_COMPILER_APPICON_NAME = AppIcon;
				INFOPLIST_FILE = DBFM/Info.plist;
				LD_RUNPATH_SEARCH_PATHS = "$(inherited) @executable_path/Frameworks";
				PRODUCT_NAME = "$(TARGET_NAME)";
			};
			name = Release;
		};
		18A329EA1AB6E698006E4789 /* Debug */ = {
			isa = XCBuildConfiguration;
			buildSettings = {
				BUNDLE_LOADER = "$(TEST_HOST)";
				FRAMEWORK_SEARCH_PATHS = (
					"$(SDKROOT)/Developer/Library/Frameworks",
					"$(inherited)",
				);
				GCC_PREPROCESSOR_DEFINITIONS = (
					"DEBUG=1",
					"$(inherited)",
				);
				INFOPLIST_FILE = DBFMTests/Info.plist;
				LD_RUNPATH_SEARCH_PATHS = "$(inherited) @executable_path/Frameworks @loader_path/Frameworks";
				PRODUCT_NAME = "$(TARGET_NAME)";
				TEST_HOST = "$(BUILT_PRODUCTS_DIR)/DBFM.app/DBFM";
			};
			name = Debug;
		};
		18A329EB1AB6E698006E4789 /* Release */ = {
			isa = XCBuildConfiguration;
			buildSettings = {
				BUNDLE_LOADER = "$(TEST_HOST)";
				FRAMEWORK_SEARCH_PATHS = (
					"$(SDKROOT)/Developer/Library/Frameworks",
					"$(inherited)",
				);
				INFOPLIST_FILE = DBFMTests/Info.plist;
				LD_RUNPATH_SEARCH_PATHS = "$(inherited) @executable_path/Frameworks @loader_path/Frameworks";
				PRODUCT_NAME = "$(TARGET_NAME)";
				TEST_HOST = "$(BUILT_PRODUCTS_DIR)/DBFM.app/DBFM";
			};
			name = Release;
		};
/* End XCBuildConfiguration section */

/* Begin XCConfigurationList section */
		18A329C21AB6E698006E4789 /* Build configuration list for PBXProject "DBFM" */ = {
			isa = XCConfigurationList;
			buildConfigurations = (
				18A329E41AB6E698006E4789 /* Debug */,
				18A329E51AB6E698006E4789 /* Release */,
			);
			defaultConfigurationIsVisible = 0;
			defaultConfigurationName = Release;
		};
		18A329E61AB6E698006E4789 /* Build configuration list for PBXNativeTarget "DBFM" */ = {
			isa = XCConfigurationList;
			buildConfigurations = (
				18A329E71AB6E698006E4789 /* Debug */,
				18A329E81AB6E698006E4789 /* Release */,
			);
			defaultConfigurationIsVisible = 0;
		};
		18A329E91AB6E698006E4789 /* Build configuration list for PBXNativeTarget "DBFMTests" */ = {
			isa = XCConfigurationList;
			buildConfigurations = (
				18A329EA1AB6E698006E4789 /* Debug */,
				18A329EB1AB6E698006E4789 /* Release */,
			);
			defaultConfigurationIsVisible = 0;
		};
/* End XCConfigurationList section */
	};
	rootObject = 18A329BF1AB6E698006E4789 /* Project object */;
}
